
Microsoft Visual Studio Solution File, Format Version 12.00
# Visual Studio Version 16
VisualStudioVersion = 16.0.30611.23
MinimumVisualStudioVersion = 10.0.40219.1
Project("{FAE04EC0-301F-11D3-BF4B-00C04F79EFBC}") = "SalesWebMvc", "SalesWebMvc\SalesWebMvc.csproj", "{6C226470-3854-43D9-ADF5-7B96EE9A90EA}"
EndProject
Global
	GlobalSection(SolutionConfigurationPlatforms) = preSolution
		Debug|Any CPU = Debug|Any CPU
		Release|Any CPU = Release|Any CPU
	EndGlobalSection
	GlobalSection(ProjectConfigurationPlatforms) = postSolution
		{6C226470-3854-43D9-ADF5-7B96EE9A90EA}.Debug|Any CPU.ActiveCfg = Debug|Any CPU
		{6C226470-3854-43D9-ADF5-7B96EE9A90EA}.Debug|Any CPU.Build.0 = Debug|Any CPU
		{6C226470-3854-43D9-ADF5-7B96EE9A90EA}.Release|Any CPU.ActiveCfg = Release|Any CPU
		{6C226470-3854-43D9-ADF5-7B96EE9A90EA}.Release|Any CPU.Build.0 = Release|Any CPU
	EndGlobalSection
	GlobalSection(SolutionProperties) = preSolution
		HideSolutionNode = FALSE
	EndGlobalSection
	GlobalSection(ExtensibilityGlobals) = postSolution
		SolutionGuid = {90DD51EB-4018-4517-9EC4-A183DA2FE4C4}
	EndGlobalSection
EndGlobal
